
Microsoft Visual Studio Solution File, Format Version 12.00
# Visual Studio Version 17
VisualStudioVersion = 17.4.33213.308
MinimumVisualStudioVersion = 10.0.40219.1
Project("{FAE04EC0-301F-11D3-BF4B-00C04F79EFBC}") = "MaxFloat-UC2", "MaxFloat-UC2\MaxFloat-UC2.csproj", "{CD329CC8-BCD6-4587-A0F1-65487A980677}"
EndProject
Global
	GlobalSection(SolutionConfigurationPlatforms) = preSolution
		Debug|Any CPU = Debug|Any CPU
		Release|Any CPU = Release|Any CPU
	EndGlobalSection
	GlobalSection(ProjectConfigurationPlatforms) = postSolution
		{CD329CC8-BCD6-4587-A0F1-65487A980677}.Debug|Any CPU.ActiveCfg = Debug|Any CPU
		{CD329CC8-BCD6-4587-A0F1-65487A980677}.Debug|Any CPU.Build.0 = Debug|Any CPU
		{CD329CC8-BCD6-4587-A0F1-65487A980677}.Release|Any CPU.ActiveCfg = Release|Any CPU
		{CD329CC8-BCD6-4587-A0F1-65487A980677}.Release|Any CPU.Build.0 = Release|Any CPU
	EndGlobalSection
	GlobalSection(SolutionProperties) = preSolution
		HideSolutionNode = FALSE
	EndGlobalSection
	GlobalSection(ExtensibilityGlobals) = postSolution
		SolutionGuid = {9CAE22F8-0713-41DA-9BB5-B90C768E2410}
	EndGlobalSection
EndGlobal
